
Microsoft Visual Studio Solution File, Format Version 12.00
# Visual Studio Version 16
VisualStudioVersion = 16.0.30523.141
MinimumVisualStudioVersion = 10.0.40219.1
Project("{FAE04EC0-301F-11D3-BF4B-00C04F79EFBC}") = "Prg2-2-3-Sparbanken-Banken", "Prg2-2-3-Sparbanken-Banken.csproj", "{17AFCAA3-82DF-4136-A434-ED6FB908A543}"
EndProject
Global
	GlobalSection(SolutionConfigurationPlatforms) = preSolution
		Debug|Any CPU = Debug|Any CPU
		Release|Any CPU = Release|Any CPU
	EndGlobalSection
	GlobalSection(ProjectConfigurationPlatforms) = postSolution
		{17AFCAA3-82DF-4136-A434-ED6FB908A543}.Debug|Any CPU.ActiveCfg = Debug|Any CPU
		{17AFCAA3-82DF-4136-A434-ED6FB908A543}.Debug|Any CPU.Build.0 = Debug|Any CPU
		{17AFCAA3-82DF-4136-A434-ED6FB908A543}.Release|Any CPU.ActiveCfg = Release|Any CPU
		{17AFCAA3-82DF-4136-A434-ED6FB908A543}.Release|Any CPU.Build.0 = Release|Any CPU
	EndGlobalSection
	GlobalSection(SolutionProperties) = preSolution
		HideSolutionNode = FALSE
	EndGlobalSection
	GlobalSection(ExtensibilityGlobals) = postSolution
		SolutionGuid = {B465108D-7A49-4A05-9487-38C5771C8596}
	EndGlobalSection
EndGlobal
